
Microsoft Visual Studio Solution File, Format Version 12.00
# Visual Studio Version 17
VisualStudioVersion = 17.5.33627.172
MinimumVisualStudioVersion = 10.0.40219.1
Project("{9A19103F-16F7-4668-BE54-9A1E7A4F7556}") = "ShopOnline.Web", "ShopOnline.Web\ShopOnline.Web.csproj", "{94CA5CCB-7D48-4B1F-8CE9-CDA4BE613025}"
EndProject
Project("{9A19103F-16F7-4668-BE54-9A1E7A4F7556}") = "ShopOnline.API", "ShopOnline.API\ShopOnline.API.csproj", "{B36A76F8-7099-4EA7-A342-DD95455282A5}"
EndProject
Project("{9A19103F-16F7-4668-BE54-9A1E7A4F7556}") = "ShopOnline.Models", "ShopOnline.Models\ShopOnline.Models.csproj", "{33F78BDE-4DB8-4E26-9890-144C35ABF5F8}"
EndProject
Global
	GlobalSection(SolutionConfigurationPlatforms) = preSolution
		Debug|Any CPU = Debug|Any CPU
		Release|Any CPU = Release|Any CPU
	EndGlobalSection
	GlobalSection(ProjectConfigurationPlatforms) = postSolution
		{94CA5CCB-7D48-4B1F-8CE9-CDA4BE613025}.Debug|Any CPU.ActiveCfg = Debug|Any CPU
		{94CA5CCB-7D48-4B1F-8CE9-CDA4BE613025}.Debug|Any CPU.Build.0 = Debug|Any CPU
		{94CA5CCB-7D48-4B1F-8CE9-CDA4BE613025}.Release|Any CPU.ActiveCfg = Release|Any CPU
		{94CA5CCB-7D48-4B1F-8CE9-CDA4BE613025}.Release|Any CPU.Build.0 = Release|Any CPU
		{B36A76F8-7099-4EA7-A342-DD95455282A5}.Debug|Any CPU.ActiveCfg = Debug|Any CPU
		{B36A76F8-7099-4EA7-A342-DD95455282A5}.Debug|Any CPU.Build.0 = Debug|Any CPU
		{B36A76F8-7099-4EA7-A342-DD95455282A5}.Release|Any CPU.ActiveCfg = Release|Any CPU
		{B36A76F8-7099-4EA7-A342-DD95455282A5}.Release|Any CPU.Build.0 = Release|Any CPU
		{33F78BDE-4DB8-4E26-9890-144C35ABF5F8}.Debug|Any CPU.ActiveCfg = Debug|Any CPU
		{33F78BDE-4DB8-4E26-9890-144C35ABF5F8}.Debug|Any CPU.Build.0 = Debug|Any CPU
		{33F78BDE-4DB8-4E26-9890-144C35ABF5F8}.Release|Any CPU.ActiveCfg = Release|Any CPU
		{33F78BDE-4DB8-4E26-9890-144C35ABF5F8}.Release|Any CPU.Build.0 = Release|Any CPU
	EndGlobalSection
	GlobalSection(SolutionProperties) = preSolution
		HideSolutionNode = FALSE
	EndGlobalSection
	GlobalSection(ExtensibilityGlobals) = postSolution
		SolutionGuid = {50805C57-7010-4CC1-B240-AFF6AF42A9D7}
	EndGlobalSection
EndGlobal
